
Microsoft Visual Studio Solution File, Format Version 12.00
# Visual Studio Version 16
VisualStudioVersion = 16.0.29806.167
MinimumVisualStudioVersion = 10.0.40219.1
Project("{9A19103F-16F7-4668-BE54-9A1E7A4F7556}") = "ClickToBuy", "ClickToBuy\ClickToBuy.csproj", "{E8F66B09-AAAB-4AEB-8074-978F215A75A5}"
EndProject
Project("{9A19103F-16F7-4668-BE54-9A1E7A4F7556}") = "ClickToBuy.Model", "ClickToBuy.Model\ClickToBuy.Model.csproj", "{871A300C-D7BA-4551-B79A-17C8BA895D4C}"
EndProject
Project("{9A19103F-16F7-4668-BE54-9A1E7A4F7556}") = "ClickToBuy.Database", "ClickToBuy.Database\ClickToBuy.Database.csproj", "{565DCD4E-9EDB-407F-A7BF-FD6BE5BE0ABA}"
EndProject
Project("{9A19103F-16F7-4668-BE54-9A1E7A4F7556}") = "ClickToBuy.Repository", "ClickToBuy.Repository\ClickToBuy.Repository.csproj", "{BCA8AB8B-5662-4404-8A52-5E5DA8831B9B}"
EndProject
Project("{9A19103F-16F7-4668-BE54-9A1E7A4F7556}") = "ClickToBuy.Manager", "ClickToBuy.Manager\ClickToBuy.Manager.csproj", "{DE693D33-754B-44F9-9B55-77B54409D518}"
EndProject
Global
	GlobalSection(SolutionConfigurationPlatforms) = preSolution
		Debug|Any CPU = Debug|Any CPU
		Release|Any CPU = Release|Any CPU
	EndGlobalSection
	GlobalSection(ProjectConfigurationPlatforms) = postSolution
		{E8F66B09-AAAB-4AEB-8074-978F215A75A5}.Debug|Any CPU.ActiveCfg = Debug|Any CPU
		{E8F66B09-AAAB-4AEB-8074-978F215A75A5}.Debug|Any CPU.Build.0 = Debug|Any CPU
		{E8F66B09-AAAB-4AEB-8074-978F215A75A5}.Release|Any CPU.ActiveCfg = Release|Any CPU
		{E8F66B09-AAAB-4AEB-8074-978F215A75A5}.Release|Any CPU.Build.0 = Release|Any CPU
		{871A300C-D7BA-4551-B79A-17C8BA895D4C}.Debug|Any CPU.ActiveCfg = Debug|Any CPU
		{871A300C-D7BA-4551-B79A-17C8BA895D4C}.Debug|Any CPU.Build.0 = Debug|Any CPU
		{871A300C-D7BA-4551-B79A-17C8BA895D4C}.Release|Any CPU.ActiveCfg = Release|Any CPU
		{871A300C-D7BA-4551-B79A-17C8BA895D4C}.Release|Any CPU.Build.0 = Release|Any CPU
		{565DCD4E-9EDB-407F-A7BF-FD6BE5BE0ABA}.Debug|Any CPU.ActiveCfg = Debug|Any CPU
		{565DCD4E-9EDB-407F-A7BF-FD6BE5BE0ABA}.Debug|Any CPU.Build.0 = Debug|Any CPU
		{565DCD4E-9EDB-407F-A7BF-FD6BE5BE0ABA}.Release|Any CPU.ActiveCfg = Release|Any CPU
		{565DCD4E-9EDB-407F-A7BF-FD6BE5BE0ABA}.Release|Any CPU.Build.0 = Release|Any CPU
		{BCA8AB8B-5662-4404-8A52-5E5DA8831B9B}.Debug|Any CPU.ActiveCfg = Debug|Any CPU
		{BCA8AB8B-5662-4404-8A52-5E5DA8831B9B}.Debug|Any CPU.Build.0 = Debug|Any CPU
		{BCA8AB8B-5662-4404-8A52-5E5DA8831B9B}.Release|Any CPU.ActiveCfg = Release|Any CPU
		{BCA8AB8B-5662-4404-8A52-5E5DA8831B9B}.Release|Any CPU.Build.0 = Release|Any CPU
		{DE693D33-754B-44F9-9B55-77B54409D518}.Debug|Any CPU.ActiveCfg = Debug|Any CPU
		{DE693D33-754B-44F9-9B55-77B54409D518}.Debug|Any CPU.Build.0 = Debug|Any CPU
		{DE693D33-754B-44F9-9B55-77B54409D518}.Release|Any CPU.ActiveCfg = Release|Any CPU
		{DE693D33-754B-44F9-9B55-77B54409D518}.Release|Any CPU.Build.0 = Release|Any CPU
	EndGlobalSection
	GlobalSection(SolutionProperties) = preSolution
		HideSolutionNode = FALSE
	EndGlobalSection
	GlobalSection(ExtensibilityGlobals) = postSolution
		SolutionGuid = {0598AD28-7D11-483B-9AFA-29D934CB0190}
	EndGlobalSection
EndGlobal
